Microsoft Visual Studio Solution File, Format Version 11.00
# Visual Studio 2008

Project("{EC55581E-B48B-B125-6D37-9856C9F8807F}") = "DangerousDave", "Assembly-CSharp.csproj", "{0B590296-7E17-A760-0A0E-B1A72DBF67B7}"
EndProject
Global
	GlobalSection(SolutionConfigurationPlatforms) = preSolution
		Debug|Any CPU = Debug|Any CPU
		Release|Any CPU = Release|Any CPU
	EndGlobalSection
	GlobalSection(ProjectConfigurationPlatforms) = postSolution
		{0B590296-7E17-A760-0A0E-B1A72DBF67B7}.Debug|Any CPU.ActiveCfg = Debug|Any CPU
		{0B590296-7E17-A760-0A0E-B1A72DBF67B7}.Debug|Any CPU.Build.0 = Debug|Any CPU
		{0B590296-7E17-A760-0A0E-B1A72DBF67B7}.Release|Any CPU.ActiveCfg = Release|Any CPU
		{0B590296-7E17-A760-0A0E-B1A72DBF67B7}.Release|Any CPU.Build.0 = Release|Any CPU
	EndGlobalSection
	GlobalSection(SolutionProperties) = preSolution
		HideSolutionNode = FALSE
	EndGlobalSection
	GlobalSection(MonoDevelopProperties) = preSolution
		StartupItem = Assembly-CSharp.csproj
	EndGlobalSection
EndGlobal
